
Microsoft Visual Studio Solution File, Format Version 12.00
# Visual Studio Version 17
VisualStudioVersion = 17.2.32616.157
MinimumVisualStudioVersion = 10.0.40219.1
Project("{FAE04EC0-301F-11D3-BF4B-00C04F79EFBC}") = "CollectionPracticeProblems", "CollectionPracticeProblems\CollectionPracticeProblems.csproj", "{EF749C9C-70FD-4A8E-89D1-4A9F8B044192}"
EndProject
Global
	GlobalSection(SolutionConfigurationPlatforms) = preSolution
		Debug|Any CPU = Debug|Any CPU
		Release|Any CPU = Release|Any CPU
	EndGlobalSection
	GlobalSection(ProjectConfigurationPlatforms) = postSolution
		{EF749C9C-70FD-4A8E-89D1-4A9F8B044192}.Debug|Any CPU.ActiveCfg = Debug|Any CPU
		{EF749C9C-70FD-4A8E-89D1-4A9F8B044192}.Debug|Any CPU.Build.0 = Debug|Any CPU
		{EF749C9C-70FD-4A8E-89D1-4A9F8B044192}.Release|Any CPU.ActiveCfg = Release|Any CPU
		{EF749C9C-70FD-4A8E-89D1-4A9F8B044192}.Release|Any CPU.Build.0 = Release|Any CPU
	EndGlobalSection
	GlobalSection(SolutionProperties) = preSolution
		HideSolutionNode = FALSE
	EndGlobalSection
	GlobalSection(ExtensibilityGlobals) = postSolution
		SolutionGuid = {95BF63F8-6617-40DC-BC24-AE8DB57FBEFF}
	EndGlobalSection
EndGlobal
